
Microsoft Visual Studio Solution File, Format Version 11.00
# Visual Studio 2010
Project("{FAE04EC0-301F-11D3-BF4B-00C04F79EFBC}") = "Assembly-CSharp", "Assembly-CSharp.csproj", "{7de70610-1b11-6e0c-f526-24a64334cfdd}"
EndProject
Project("{FAE04EC0-301F-11D3-BF4B-00C04F79EFBC}") = "UnityWebSocket.Runtime", "UnityWebSocket.Runtime.csproj", "{50241d67-3f2f-84cb-f80e-b8725fd765b5}"
EndProject
Project("{FAE04EC0-301F-11D3-BF4B-00C04F79EFBC}") = "Assembly-CSharp-Editor", "Assembly-CSharp-Editor.csproj", "{358c4e95-10f3-a130-ed9d-881c5342ffea}"
EndProject
Global
	GlobalSection(SolutionConfigurationPlatforms) = preSolution
		Debug|Any CPU = Debug|Any CPU
	EndGlobalSection
	GlobalSection(ProjectConfigurationPlatforms) = postSolution
		{7de70610-1b11-6e0c-f526-24a64334cfdd}.Debug|Any CPU.ActiveCfg = Debug|Any CPU
		{7de70610-1b11-6e0c-f526-24a64334cfdd}.Debug|Any CPU.Build.0 = Debug|Any CPU
		{50241d67-3f2f-84cb-f80e-b8725fd765b5}.Debug|Any CPU.ActiveCfg = Debug|Any CPU
		{50241d67-3f2f-84cb-f80e-b8725fd765b5}.Debug|Any CPU.Build.0 = Debug|Any CPU
		{358c4e95-10f3-a130-ed9d-881c5342ffea}.Debug|Any CPU.ActiveCfg = Debug|Any CPU
		{358c4e95-10f3-a130-ed9d-881c5342ffea}.Debug|Any CPU.Build.0 = Debug|Any CPU
	EndGlobalSection
	GlobalSection(SolutionProperties) = preSolution
		HideSolutionNode = FALSE
	EndGlobalSection
EndGlobal
